// !$*UTF8*$!
{
	archiveVersion = 1;
	classes = {
	};
	objectVersion = 46;
	objects = {

/* Begin PBXBuildFile section */
		269136C31C87DB33004B0970 /* main.m in Sources */ = {isa = PBXBuildFile; fileRef = 269136C21C87DB33004B0970 /* main.m */; };
		269136C61C87DB33004B0970 /* AppDelegate.m in Sources */ = {isa = PBXBuildFile; fileRef = 269136C51C87DB33004B0970 /* AppDelegate.m */; };
		269136C91C87DB33004B0970 /* ViewController.m in Sources */ = {isa = PBXBuildFile; fileRef = 269136C81C87DB33004B0970 /* ViewController.m */; };
		269136CC1C87DB33004B0970 /* Main.storyboard in Resources */ = {isa = PBXBuildFile; fileRef = 269136CA1C87DB33004B0970 /* Main.storyboard */; };
		269136CE1C87DB33004B0970 /* Assets.xcassets in Resources */ = {isa = PBXBuildFile; fileRef = 269136CD1C87DB33004B0970 /* Assets.xcassets */; };
		269136D11C87DB33004B0970 /* LaunchScreen.storyboard in Resources */ = {isa = PBXBuildFile; fileRef = 269136CF1C87DB33004B0970 /* LaunchScreen.storyboard */; };
		269136DC1C87DB33004B0970 /* ZDX1UITests.m in Sources */ = {isa = PBXBuildFile; fileRef = 269136DB1C87DB33004B0970 /* ZDX1UITests.m */; };
/* End PBXBuildFile section */

/* Begin PBXContainerItemProxy section */
		269136D81C87DB33004B0970 /* PBXContainerItemProxy */ = {
			isa = PBXContainerItemProxy;
			containerPortal = 269136B61C87DB33004B0970 /* Project object */;
			proxyType = 1;
			remoteGlobalIDString = 269136BD1C87DB33004B0970;
			remoteInfo = ZDX1;
		};
/* End PBXContainerItemProxy section */

/* Begin PBXFileReference section */
		269136BE1C87DB33004B0970 /* ZDX1.app */ = {isa = PBXFileReference; explicitFileType = wrapper.application; includeInIndex = 0; path = ZDX1.app; sourceTree = BUILT_PRODUCTS_DIR; };
		269136C21C87DB33004B0970 /* main.m */ = {isa = PBXFileReference; lastKnownFileType = sourcecode.c.objc; path = main.m; sourceTree = "<group>"; };
		269136C41C87DB33004B0970 /* AppDelegate.h */ = {isa = PBXFileReference; lastKnownFileType = sourcecode.c.h; path = AppDelegate.h; sourceTree = "<group>"; };
		269136C51C87DB33004B0970 /* AppDelegate.m */ = {isa = PBXFileReference; lastKnownFileType = sourcecode.c.objc; path = AppDelegate.m; sourceTree = "<group>"; };
		269136C71C87DB33004B0970 /* ViewController.h */ = {isa = PBXFileReference; lastKnownFileType = sourcecode.c.h; path = ViewController.h; sourceTree = "<group>"; };
		269136C81C87DB33004B0970 /* ViewController.m */ = {isa = PBXFileReference; lastKnownFileType = sourcecode.c.objc; path = ViewController.m; sourceTree = "<group>"; };
		269136CB1C87DB33004B0970 /* Base */ = {isa = PBXFileReference; lastKnownFileType = file.storyboard; name = Base; path = Base.lproj/Main.storyboard; sourceTree = "<group>"; };
		269136CD1C87DB33004B0970 /* Assets.xcassets */ = {isa = PBXFileReference; lastKnownFileType = folder.assetcatalog; path = Assets.xcassets; sourceTree = "<group>"; };
		269136D01C87DB33004B0970 /* Base */ = {isa = PBXFileReference; lastKnownFileType = file.storyboard; name = Base; path = Base.lproj/LaunchScreen.storyboard; sourceTree = "<group>"; };
		269136D21C87DB33004B0970 /* Info.plist */ = {isa = PBXFileReference; lastKnownFileType = text.plist.xml; path = Info.plist; sourceTree = "<group>"; };
		269136D71C87DB33004B0970 /* ZDX1UITests.xctest */ = {isa = PBXFileReference; explicitFileType = wrapper.cfbundle; includeInIndex = 0; path = ZDX1UITests.xctest; sourceTree = BUILT_PRODUCTS_DIR; };
		269136DB1C87DB33004B0970 /* ZDX1UITests.m */ = {isa = PBXFileReference; lastKnownFileType = sourcecode.c.objc; path = ZDX1UITests.m; sourceTree = "<group>"; };
		269136DD1C87DB33004B0970 /* Info.plist */ = {isa = PBXFileReference; lastKnownFileType = text.plist.xml; path = Info.plist; sourceTree = "<group>"; };
/* End PBXFileReference section */

/* Begin PBXFrameworksBuildPhase section */
		269136BB1C87DB33004B0970 /* Frameworks */ = {
			isa = PBXFrameworksBuildPhase;
			buildActionMask = 2147483647;
			files = (
			);
			runOnlyForDeploymentPostprocessing = 0;
		};
		269136D41C87DB33004B0970 /* Frameworks */ = {
			isa = PBXFrameworksBuildPhase;
			buildActionMask = 2147483647;
			files = (
			);
			runOnlyForDeploymentPostprocessing = 0;
		};
/* End PBXFrameworksBuildPhase section */

/* Begin PBXGroup section */
		269136B51C87DB33004B0970 = {
			isa = PBXGroup;
			children = (
				269136C01C87DB33004B0970 /* ZDX1 */,
				269136DA1C87DB33004B0970 /* ZDX1UITests */,
				269136BF1C87DB33004B0970 /* Products */,
			);
			sourceTree = "<group>";
		};
		269136BF1C87DB33004B0970 /* Products */ = {
			isa = PBXGroup;
			children = (
				269136BE1C87DB33004B0970 /* ZDX1.app */,
				269136D71C87DB33004B0970 /* ZDX1UITests.xctest */,
			);
			name = Products;
			sourceTree = "<group>";
		};
		269136C01C87DB33004B0970 /* ZDX1 */ = {
			isa = PBXGroup;
			children = (
				269136C41C87DB33004B0970 /* AppDelegate.h */,
				269136C51C87DB33004B0970 /* AppDelegate.m */,
				269136C71C87DB33004B0970 /* ViewController.h */,
				269136C81C87DB33004B0970 /* ViewController.m */,
				269136CA1C87DB33004B0970 /* Main.storyboard */,
				269136CD1C87DB33004B0970 /* Assets.xcassets */,
				269136CF1C87DB33004B0970 /* LaunchScreen.storyboard */,
				269136D21C87DB33004B0970 /* Info.plist */,
				269136C11C87DB33004B0970 /* Supporting Files */,
			);
			path = ZDX1;
			sourceTree = "<group>";
		};
		269136C11C87DB33004B0970 /* Supporting Files */ = {
			isa = PBXGroup;
			children = (
				269136C21C87DB33004B0970 /* main.m */,
			);
			name = "Supporting Files";
			sourceTree = "<group>";
		};
		269136DA1C87DB33004B0970 /* ZDX1UITests */ = {
			isa = PBXGroup;
			children = (
				269136DB1C87DB33004B0970 /* ZDX1UITests.m */,
				269136DD1C87DB33004B0970 /* Info.plist */,
			);
			path = ZDX1UITests;
			sourceTree = "<group>";
		};
/* End PBXGroup section */

/* Begin PBXNativeTarget section */
		269136BD1C87DB33004B0970 /* ZDX1 */ = {
			isa = PBXNativeTarget;
			buildConfigurationList = 269136E01C87DB33004B0970 /* Build configuration list for PBXNativeTarget "ZDX1" */;
			buildPhases = (
				269136BA1C87DB33004B0970 /* Sources */,
				269136BB1C87DB33004B0970 /* Frameworks */,
				269136BC1C87DB33004B0970 /* Resources */,
			);
			buildRules = (
			);
			dependencies = (
			);
			name = ZDX1;
			productName = ZDX1;
			productReference = 269136BE1C87DB33004B0970 /* ZDX1.app */;
			productType = "com.apple.product-type.application";
		};
		269136D61C87DB33004B0970 /* ZDX1UITests */ = {
			isa = PBXNativeTarget;
			buildConfigurationList = 269136E31C87DB33004B0970 /* Build configuration list for PBXNativeTarget "ZDX1UITests" */;
			buildPhases = (
				269136D31C87DB33004B0970 /* Sources */,
				269136D41C87DB33004B0970 /* Frameworks */,
				269136D51C87DB33004B0970 /* Resources */,
			);
			buildRules = (
			);
			dependencies = (
				269136D91C87DB33004B0970 /* PBXTargetDependency */,
			);
			name = ZDX1UITests;
			productName = ZDX1UITests;
			productReference = 269136D71C87DB33004B0970 /* ZDX1UITests.xctest */;
			productType = "com.apple.product-type.bundle.ui-testing";
		};
/* End PBXNativeTarget section */

/* Begin PBXProject section */
		269136B61C87DB33004B0970 /* Project object */ = {
			isa = PBXProject;
			attributes = {
				LastUpgradeCheck = 0730;
				ORGANIZATIONNAME = "郑东喜";
				TargetAttributes = {
					269136BD1C87DB33004B0970 = {
						CreatedOnToolsVersion = 7.3;
						DevelopmentTeam = 9UF5RB3E6T;
					};
					269136D61C87DB33004B0970 = {
						CreatedOnToolsVersion = 7.3;
						DevelopmentTeam = 9UF5RB3E6T;
						TestTargetID = 269136BD1C87DB33004B0970;
					};
				};
			};
			buildConfigurationList = 269136B91C87DB33004B0970 /* Build configuration list for PBXProject "ZDX1" */;
			compatibilityVersion = "Xcode 3.2";
			developmentRegion = English;
			hasScannedForEncodings = 0;
			knownRegions = (
				en,
				Base,
			);
			mainGroup = 269136B51C87DB33004B0970;
			productRefGroup = 269136BF1C87DB33004B0970 /* Products */;
			projectDirPath = "";
			projectRoot = "";
			targets = (
				269136BD1C87DB33004B0970 /* ZDX1 */,
				269136D61C87DB33004B0970 /* ZDX1UITests */,
			);
		};
/* End PBXProject section */

/* Begin PBXResourcesBuildPhase section */
		269136BC1C87DB33004B0970 /* Resources */ = {
			isa = PBXResourcesBuildPhase;
			buildActionMask = 2147483647;
			files = (
				269136D11C87DB33004B0970 /* LaunchScreen.storyboard in Resources */,
				269136CE1C87DB33004B0970 /* Assets.xcassets in Resources */,
				269136CC1C87DB33004B0970 /* Main.storyboard in Resources */,
			);
			runOnlyForDeploymentPostprocessing = 0;
		};
		269136D51C87DB33004B0970 /* Resources */ = {
			isa = PBXResourcesBuildPhase;
			buildActionMask = 2147483647;
			files = (
			);
			runOnlyForDeploymentPostprocessing = 0;
		};
/* End PBXResourcesBuildPhase section */

/* Begin PBXSourcesBuildPhase section */
		269136BA1C87DB33004B0970 /* Sources */ = {
			isa = PBXSourcesBuildPhase;
			buildActionMask = 2147483647;
			files = (
				269136C91C87DB33004B0970 /* ViewController.m in Sources */,
				269136C61C87DB33004B0970 /* AppDelegate.m in Sources */,
				269136C31C87DB33004B0970 /* main.m in Sources */,
			);
			runOnlyForDeploymentPostprocessing = 0;
		};
		269136D31C87DB33004B0970 /* Sources */ = {
			isa = PBXSourcesBuildPhase;
			buildActionMask = 2147483647;
			files = (
				269136DC1C87DB33004B0970 /* ZDX1UITests.m in Sources */,
			);
			runOnlyForDeploymentPostprocessing = 0;
		};
/* End PBXSourcesBuildPhase section */

/* Begin PBXTargetDependency section */
		269136D91C87DB33004B0970 /* PBXTargetDependency */ = {
			isa = PBXTargetDependency;
			target = 269136BD1C87DB33004B0970 /* ZDX1 */;
			targetProxy = 269136D81C87DB33004B0970 /* PBXContainerItemProxy */;
		};
/* End PBXTargetDependency section */

/* Begin PBXVariantGroup section */
		269136CA1C87DB33004B0970 /* Main.storyboard */ = {
			isa = PBXVariantGroup;
			children = (
				269136CB1C87DB33004B0970 /* Base */,
			);
			name = Main.storyboard;
			sourceTree = "<group>";
		};
		269136CF1C87DB33004B0970 /* LaunchScreen.storyboard */ = {
			isa = PBXVariantGroup;
			children = (
				269136D01C87DB33004B0970 /* Base */,
			);
			name = LaunchScreen.storyboard;
			sourceTree = "<group>";
		};
/* End PBXVariantGroup section */

/* Begin XCBuildConfiguration section */
		269136DE1C87DB33004B0970 /* Debug */ = {
			isa = XCBuildConfiguration;
			buildSettings = {
				ALWAYS_SEARCH_USER_PATHS = NO;
				CLANG_ANALYZER_NONNULL = YES;
				CLANG_CXX_LANGUAGE_STANDARD = "gnu++0x";
				CLANG_CXX_LIBRARY = "libc++";
				CLANG_ENABLE_MODULES = YES;
				CLANG_ENABLE_OBJC_ARC = YES;
				CLANG_WARN_BOOL_CONVERSION = YES;
				CLANG_WARN_CONSTANT_CONVERSION = YES;
				CLANG_WARN_DIRECT_OBJC_ISA_USAGE = YES_ERROR;
				CLANG_WARN_EMPTY_BODY = YES;
				CLANG_WARN_ENUM_CONVERSION = YES;
				CLANG_WARN_INT_CONVERSION = YES;
				CLANG_WARN_OBJC_ROOT_CLASS = YES_ERROR;
				CLANG_WARN_UNREACHABLE_CODE = YES;
				CLANG_WARN__DUPLICATE_METHOD_MATCH = YES;
				"CODE_SIGN_IDENTITY[sdk=iphoneos*]" = "iPhone Developer";
				COPY_PHASE_STRIP = NO;
				DEBUG_INFORMATION_FORMAT = dwarf;
				ENABLE_STRICT_OBJC_MSGSEND = YES;
				ENABLE_TESTABILITY = YES;
				GCC_C_LANGUAGE_STANDARD = gnu99;
				GCC_DYNAMIC_NO_PIC = NO;
				GCC_NO_COMMON_BLOCKS = YES;
				GCC_OPTIMIZATION_LEVEL = 0;
				GCC_PREPROCESSOR_DEFINITIONS = (
					"DEBUG=1",
					"$(inherited)",
				);
				GCC_WARN_64_TO_32_BIT_CONVERSION = YES;
				GCC_WARN_ABOUT_RETURN_TYPE = YES_ERROR;
				GCC_WARN_UNDECLARED_SELECTOR = YES;
				GCC_WARN_UNINITIALIZED_AUTOS = YES_AGGRESSIVE;
				GCC_WARN_UNUSED_FUNCTION = YES;
				GCC_WARN_UNUSED_VARIABLE = YES;
				IPHONEOS_DEPLOYMENT_TARGET = 9.3;
				MTL_ENABLE_DEBUG_INFO = YES;
				ONLY_ACTIVE_ARCH = YES;
				SDKROOT = iphoneos;
				TARGETED_DEVICE_FAMILY = "1,2";
			};
			name = Debug;
		};
		269136DF1C87DB33004B0970 /* Release */ = {
			isa = XCBuildConfiguration;
			buildSettings = {
				ALWAYS_SEARCH_USER_PATHS = NO;
				CLANG_ANALYZER_NONNULL = YES;
				CLANG_CXX_LANGUAGE_STANDARD = "gnu++0x";
				CLANG_CXX_LIBRARY = "libc++";
				CLANG_ENABLE_MODULES = YES;
				CLANG_ENABLE_OBJC_ARC = YES;
				CLANG_WARN_BOOL_CONVERSION = YES;
				CLANG_WARN_CONSTANT_CONVERSION = YES;
				CLANG_WARN_DIRECT_OBJC_ISA_USAGE = YES_ERROR;
				CLANG_WARN_EMPTY_BODY = YES;
				CLANG_WARN_ENUM_CONVERSION = YES;
				CLANG_WARN_INT_CONVERSION = YES;
				CLANG_WARN_OBJC_ROOT_CLASS = YES_ERROR;
				CLANG_WARN_UNREACHABLE_CODE = YES;
				CLANG_WARN__DUPLICATE_METHOD_MATCH = YES;
				"CODE_SIGN_IDENTITY[sdk=iphoneos*]" = "iPhone Developer";
				COPY_PHASE_STRIP = NO;
				DEBUG_INFORMATION_FORMAT = "dwarf-with-dsym";
				ENABLE_NS_ASSERTIONS = NO;
				ENABLE_STRICT_OBJC_MSGSEND = YES;
				GCC_C_LANGUAGE_STANDARD = gnu99;
				GCC_NO_COMMON_BLOCKS = YES;
				GCC_WARN_64_TO_32_BIT_CONVERSION = YES;
				GCC_WARN_ABOUT_RETURN_TYPE = YES_ERROR;
				GCC_WARN_UNDECLARED_SELECTOR = YES;
				GCC_WARN_UNINITIALIZED_AUTOS = YES_AGGRESSIVE;
				GCC_WARN_UNUSED_FUNCTION = YES;
				GCC_WARN_UNUSED_VARIABLE = YES;
				IPHONEOS_DEPLOYMENT_TARGET = 9.3;
				MTL_ENABLE_DEBUG_INFO = NO;
				SDKROOT = iphoneos;
				TARGETED_DEVICE_FAMILY = "1,2";
				VALIDATE_PRODUCT = YES;
			};
			name = Release;
		};
		269136E11C87DB33004B0970 /* Debug */ = {
			isa = XCBuildConfiguration;
			buildSettings = {
				ASSETCATALOG_COMPILER_APPICON_NAME = AppIcon;
				INFOPLIST_FILE = ZDX1/Info.plist;
				LD_RUNPATH_SEARCH_PATHS = "$(inherited) @executable_path/Frameworks";
				PRODUCT_BUNDLE_IDENTIFIER = com.test.ZDX1;
				PRODUCT_NAME = "$(TARGET_NAME)";
			};
			name = Debug;
		};
		269136E21C87DB33004B0970 /* Release */ = {
			isa = XCBuildConfiguration;
			buildSettings = {
				ASSETCATALOG_COMPILER_APPICON_NAME = AppIcon;
				INFOPLIST_FILE = ZDX1/Info.plist;
				LD_RUNPATH_SEARCH_PATHS = "$(inherited) @executable_path/Frameworks";
				PRODUCT_BUNDLE_IDENTIFIER = com.test.ZDX1;
				PRODUCT_NAME = "$(TARGET_NAME)";
			};
			name = Release;
		};
		269136E41C87DB33004B0970 /* Debug */ = {
			isa = XCBuildConfiguration;
			buildSettings = {
				INFOPLIST_FILE = ZDX1UITests/Info.plist;
				LD_RUNPATH_SEARCH_PATHS = "$(inherited) @executable_path/Frameworks @loader_path/Frameworks";
				PRODUCT_BUNDLE_IDENTIFIER = com.test.ZDX1UITests;
				PRODUCT_NAME = "$(TARGET_NAME)";
				TEST_TARGET_NAME = ZDX1;
			};
			name = Debug;
		};
		269136E51C87DB33004B0970 /* Release */ = {
			isa = XCBuildConfiguration;
			buildSettings = {
				INFOPLIST_FILE = ZDX1UITests/Info.plist;
				LD_RUNPATH_SEARCH_PATHS = "$(inherited) @executable_path/Frameworks @loader_path/Frameworks";
				PRODUCT_BUNDLE_IDENTIFIER = com.test.ZDX1UITests;
				PRODUCT_NAME = "$(TARGET_NAME)";
				TEST_TARGET_NAME = ZDX1;
			};
			name = Release;
		};
/* End XCBuildConfiguration section */

/* Begin XCConfigurationList section */
		269136B91C87DB33004B0970 /* Build configuration list for PBXProject "ZDX1" */ = {
			isa = XCConfigurationList;
			buildConfigurations = (
				269136DE1C87DB33004B0970 /* Debug */,
				269136DF1C87DB33004B0970 /* Release */,
			);
			defaultConfigurationIsVisible = 0;
			defaultConfigurationName = Release;
		};
		269136E01C87DB33004B0970 /* Build configuration list for PBXNativeTarget "ZDX1" */ = {
			isa = XCConfigurationList;
			buildConfigurations = (
				269136E11C87DB33004B0970 /* Debug */,
				269136E21C87DB33004B0970 /* Release */,
			);
			defaultConfigurationIsVisible = 0;
		};
		269136E31C87DB33004B0970 /* Build configuration list for PBXNativeTarget "ZDX1UITests" */ = {
			isa = XCConfigurationList;
			buildConfigurations = (
				269136E41C87DB33004B0970 /* Debug */,
				269136E51C87DB33004B0970 /* Release */,
			);
			defaultConfigurationIsVisible = 0;
		};
/* End XCConfigurationList section */
	};
	rootObject = 269136B61C87DB33004B0970 /* Project object */;
}
